// !$*UTF8*$!
{
	archiveVersion = 1;
	classes = {
	};
	objectVersion = 46;
	objects = {

/* Begin PBXBuildFile section */
		9E478E751F1C01F600053F78 /* AppDelegate.swift in Sources */ = {isa = PBXBuildFile; fileRef = 9E478E741F1C01F600053F78 /* AppDelegate.swift */; };
		9E478E771F1C01F600053F78 /* ViewController.swift in Sources */ = {isa = PBXBuildFile; fileRef = 9E478E761F1C01F600053F78 /* ViewController.swift */; };
		9E478E7A1F1C01F600053F78 /* Main.storyboard in Resources */ = {isa = PBXBuildFile; fileRef = 9E478E781F1C01F600053F78 /* Main.storyboard */; };
		9E478E7C1F1C01F600053F78 /* Assets.xcassets in Resources */ = {isa = PBXBuildFile; fileRef = 9E478E7B1F1C01F600053F78 /* Assets.xcassets */; };
		9E478E7F1F1C01F600053F78 /* LaunchScreen.storyboard in Resources */ = {isa = PBXBuildFile; fileRef = 9E478E7D1F1C01F600053F78 /* LaunchScreen.storyboard */; };
/* End PBXBuildFile section */

/* Begin PBXFileReference section */
		9E478E711F1C01F600053F78 /* Hairiest.app */ = {isa = PBXFileReference; explicitFileType = wrapper.application; includeInIndex = 0; path = Hairiest.app; sourceTree = BUILT_PRODUCTS_DIR; };
		9E478E741F1C01F600053F78 /* AppDelegate.swift */ = {isa = PBXFileReference; lastKnownFileType = sourcecode.swift; path = AppDelegate.swift; sourceTree = "<group>"; };
		9E478E761F1C01F600053F78 /* ViewController.swift */ = {isa = PBXFileReference; lastKnownFileType = sourcecode.swift; path = ViewController.swift; sourceTree = "<group>"; };
		9E478E791F1C01F600053F78 /* Base */ = {isa = PBXFileReference; lastKnownFileType = file.storyboard; name = Base; path = Base.lproj/Main.storyboard; sourceTree = "<group>"; };
		9E478E7B1F1C01F600053F78 /* Assets.xcassets */ = {isa = PBXFileReference; lastKnownFileType = folder.assetcatalog; path = Assets.xcassets; sourceTree = "<group>"; };
		9E478E7E1F1C01F600053F78 /* Base */ = {isa = PBXFileReference; lastKnownFileType = file.storyboard; name = Base; path = Base.lproj/LaunchScreen.storyboard; sourceTree = "<group>"; };
		9E478E801F1C01F600053F78 /* Info.plist */ = {isa = PBXFileReference; lastKnownFileType = text.plist.xml; path = Info.plist; sourceTree = "<group>"; };
/* End PBXFileReference section */

/* Begin PBXFrameworksBuildPhase section */
		9E478E6E1F1C01F600053F78 /* Frameworks */ = {
			isa = PBXFrameworksBuildPhase;
			buildActionMask = 2147483647;
			files = (
			);
			runOnlyForDeploymentPostprocessing = 0;
		};
/* End PBXFrameworksBuildPhase section */

/* Begin PBXGroup section */
		9E478E681F1C01F500053F78 = {
			isa = PBXGroup;
			children = (
				9E478E731F1C01F600053F78 /* Hairiest */,
				9E478E721F1C01F600053F78 /* Products */,
			);
			sourceTree = "<group>";
		};
		9E478E721F1C01F600053F78 /* Products */ = {
			isa = PBXGroup;
			children = (
				9E478E711F1C01F600053F78 /* Hairiest.app */,
			);
			name = Products;
			sourceTree = "<group>";
		};
		9E478E731F1C01F600053F78 /* Hairiest */ = {
			isa = PBXGroup;
			children = (
				9E478E741F1C01F600053F78 /* AppDelegate.swift */,
				9E478E761F1C01F600053F78 /* ViewController.swift */,
				9E478E781F1C01F600053F78 /* Main.storyboard */,
				9E478E7B1F1C01F600053F78 /* Assets.xcassets */,
				9E478E7D1F1C01F600053F78 /* LaunchScreen.storyboard */,
				9E478E801F1C01F600053F78 /* Info.plist */,
			);
			path = Hairiest;
			sourceTree = "<group>";
		};
/* End PBXGroup section */

/* Begin PBXNativeTarget section */
		9E478E701F1C01F600053F78 /* Hairiest */ = {
			isa = PBXNativeTarget;
			buildConfigurationList = 9E478E831F1C01F600053F78 /* Build configuration list for PBXNativeTarget "Hairiest" */;
			buildPhases = (
				9E478E6D1F1C01F600053F78 /* Sources */,
				9E478E6E1F1C01F600053F78 /* Frameworks */,
				9E478E6F1F1C01F600053F78 /* Resources */,
			);
			buildRules = (
			);
			dependencies = (
			);
			name = Hairiest;
			productName = Hairiest;
			productReference = 9E478E711F1C01F600053F78 /* Hairiest.app */;
			productType = "com.apple.product-type.application";
		};
/* End PBXNativeTarget section */

/* Begin PBXProject section */
		9E478E691F1C01F500053F78 /* Project object */ = {
			isa = PBXProject;
			attributes = {
				LastSwiftUpdateCheck = 0820;
				LastUpgradeCheck = 0820;
				ORGANIZATIONNAME = "Lobsang Tashi";
				TargetAttributes = {
					9E478E701F1C01F600053F78 = {
						CreatedOnToolsVersion = 8.2.1;
						DevelopmentTeam = 8FC9PW965D;
						ProvisioningStyle = Automatic;
					};
				};
			};
			buildConfigurationList = 9E478E6C1F1C01F500053F78 /* Build configuration list for PBXProject "Hairiest" */;
			compatibilityVersion = "Xcode 3.2";
			developmentRegion = English;
			hasScannedForEncodings = 0;
			knownRegions = (
				en,
				Base,
			);
			mainGroup = 9E478E681F1C01F500053F78;
			productRefGroup = 9E478E721F1C01F600053F78 /* Products */;
			projectDirPath = "";
			projectRoot = "";
			targets = (
				9E478E701F1C01F600053F78 /* Hairiest */,
			);
		};
/* End PBXProject section */

/* Begin PBXResourcesBuildPhase section */
		9E478E6F1F1C01F600053F78 /* Resources */ = {
			isa = PBXResourcesBuildPhase;
			buildActionMask = 2147483647;
			files = (
				9E478E7F1F1C01F600053F78 /* LaunchScreen.storyboard in Resources */,
				9E478E7C1F1C01F600053F78 /* Assets.xcassets in Resources */,
				9E478E7A1F1C01F600053F78 /* Main.storyboard in Resources */,
			);
			runOnlyForDeploymentPostprocessing = 0;
		};
/* End PBXResourcesBuildPhase section */

/* Begin PBXSourcesBuildPhase section */
		9E478E6D1F1C01F600053F78 /* Sources */ = {
			isa = PBXSourcesBuildPhase;
			buildActionMask = 2147483647;
			files = (
				9E478E771F1C01F600053F78 /* ViewController.swift in Sources */,
				9E478E751F1C01F600053F78 /* AppDelegate.swift in Sources */,
			);
			runOnlyForDeploymentPostprocessing = 0;
		};
/* End PBXSourcesBuildPhase section */

/* Begin PBXVariantGroup section */
		9E478E781F1C01F600053F78 /* Main.storyboard */ = {
			isa = PBXVariantGroup;
			children = (
				9E478E791F1C01F600053F78 /* Base */,
			);
			name = Main.storyboard;
			sourceTree = "<group>";
		};
		9E478E7D1F1C01F600053F78 /* LaunchScreen.storyboard */ = {
			isa = PBXVariantGroup;
			children = (
				9E478E7E1F1C01F600053F78 /* Base */,
			);
			name = LaunchScreen.storyboard;
			sourceTree = "<group>";
		};
/* End PBXVariantGroup section */

/* Begin XCBuildConfiguration section */
		9E478E811F1C01F600053F78 /* Debug */ = {
			isa = XCBuildConfiguration;
			buildSettings = {
				ALWAYS_SEARCH_USER_PATHS = NO;
				CLANG_ANALYZER_NONNULL = YES;
				CLANG_CXX_LANGUAGE_STANDARD = "gnu++0x";
				CLANG_CXX_LIBRARY = "libc++";
				CLANG_ENABLE_MODULES = YES;
				CLANG_ENABLE_OBJC_ARC = YES;
				CLANG_WARN_BOOL_CONVERSION = YES;
				CLANG_WARN_CONSTANT_CONVERSION = YES;
				CLANG_WARN_DIRECT_OBJC_ISA_USAGE = YES_ERROR;
				CLANG_WARN_DOCUMENTATION_COMMENTS = YES;
				CLANG_WARN_EMPTY_BODY = YES;
				CLANG_WARN_ENUM_CONVERSION = YES;
				CLANG_WARN_INFINITE_RECURSION = YES;
				CLANG_WARN_INT_CONVERSION = YES;
				CLANG_WARN_OBJC_ROOT_CLASS = YES_ERROR;
				CLANG_WARN_SUSPICIOUS_MOVE = YES;
				CLANG_WARN_UNREACHABLE_CODE = YES;
				CLANG_WARN__DUPLICATE_METHOD_MATCH = YES;
				"CODE_SIGN_IDENTITY[sdk=iphoneos*]" = "iPhone Developer";
				COPY_PHASE_STRIP = NO;
				DEBUG_INFORMATION_FORMAT = dwarf;
				ENABLE_STRICT_OBJC_MSGSEND = YES;
				ENABLE_TESTABILITY = YES;
				GCC_C_LANGUAGE_STANDARD = gnu99;
				GCC_DYNAMIC_NO_PIC = NO;
				GCC_NO_COMMON_BLOCKS = YES;
				GCC_OPTIMIZATION_LEVEL = 0;
				GCC_PREPROCESSOR_DEFINITIONS = (
					"DEBUG=1",
					"$(inherited)",
				);
				GCC_WARN_64_TO_32_BIT_CONVERSION = YES;
				GCC_WARN_ABOUT_RETURN_TYPE = YES_ERROR;
				GCC_WARN_UNDECLARED_SELECTOR = YES;
				GCC_WARN_UNINITIALIZED_AUTOS = YES_AGGRESSIVE;
				GCC_WARN_UNUSED_FUNCTION = YES;
				GCC_WARN_UNUSED_VARIABLE = YES;
				IPHONEOS_DEPLOYMENT_TARGET = 10.2;
				MTL_ENABLE_DEBUG_INFO = YES;
				ONLY_ACTIVE_ARCH = YES;
				SDKROOT = iphoneos;
				SWIFT_ACTIVE_COMPILATION_CONDITIONS = DEBUG;
				SWIFT_OPTIMIZATION_LEVEL = "-Onone";
				TARGETED_DEVICE_FAMILY = "1,2";
			};
			name = Debug;
		};
		9E478E821F1C01F600053F78 /* Release */ = {
			isa = XCBuildConfiguration;
			buildSettings = {
				ALWAYS_SEARCH_USER_PATHS = NO;
				CLANG_ANALYZER_NONNULL = YES;
				CLANG_CXX_LANGUAGE_STANDARD = "gnu++0x";
				CLANG_CXX_LIBRARY = "libc++";
				CLANG_ENABLE_MODULES = YES;
				CLANG_ENABLE_OBJC_ARC = YES;
				CLANG_WARN_BOOL_CONVERSION = YES;
				CLANG_WARN_CONSTANT_CONVERSION = YES;
				CLANG_WARN_DIRECT_OBJC_ISA_USAGE = YES_ERROR;
				CLANG_WARN_DOCUMENTATION_COMMENTS = YES;
				CLANG_WARN_EMPTY_BODY = YES;
				CLANG_WARN_ENUM_CONVERSION = YES;
				CLANG_WARN_INFINITE_RECURSION = YES;
				CLANG_WARN_INT_CONVERSION = YES;
				CLANG_WARN_OBJC_ROOT_CLASS = YES_ERROR;
				CLANG_WARN_SUSPICIOUS_MOVE = YES;
				CLANG_WARN_UNREACHABLE_CODE = YES;
				CLANG_WARN__DUPLICATE_METHOD_MATCH = YES;
				"CODE_SIGN_IDENTITY[sdk=iphoneos*]" = "iPhone Developer";
				COPY_PHASE_STRIP = NO;
				DEBUG_INFORMATION_FORMAT = "dwarf-with-dsym";
				ENABLE_NS_ASSERTIONS = NO;
				ENABLE_STRICT_OBJC_MSGSEND = YES;
				GCC_C_LANGUAGE_STANDARD = gnu99;
				GCC_NO_COMMON_BLOCKS = YES;
				GCC_WARN_64_TO_32_BIT_CONVERSION = YES;
				GCC_WARN_ABOUT_RETURN_TYPE = YES_ERROR;
				GCC_WARN_UNDECLARED_SELECTOR = YES;
				GCC_WARN_UNINITIALIZED_AUTOS = YES_AGGRESSIVE;
				GCC_WARN_UNUSED_FUNCTION = YES;
				GCC_WARN_UNUSED_VARIABLE = YES;
				IPHONEOS_DEPLOYMENT_TARGET = 10.2;
				MTL_ENABLE_DEBUG_INFO = NO;
				SDKROOT = iphoneos;
				SWIFT_OPTIMIZATION_LEVEL = "-Owholemodule";
				TARGETED_DEVICE_FAMILY = "1,2";
				VALIDATE_PRODUCT = YES;
			};
			name = Release;
		};
		9E478E841F1C01F600053F78 /* Debug */ = {
			isa = XCBuildConfiguration;
			buildSettings = {
				ASSETCATALOG_COMPILER_APPICON_NAME = AppIcon;
				DEVELOPMENT_TEAM = 8FC9PW965D;
				INFOPLIST_FILE = Hairiest/Info.plist;
				LD_RUNPATH_SEARCH_PATHS = "$(inherited) @executable_path/Frameworks";
				PRODUCT_BUNDLE_IDENTIFIER = com.tash.Hairiest;
				PRODUCT_NAME = "$(TARGET_NAME)";
				SWIFT_VERSION = 3.0;
			};
			name = Debug;
		};
		9E478E851F1C01F600053F78 /* Release */ = {
			isa = XCBuildConfiguration;
			buildSettings = {
				ASSETCATALOG_COMPILER_APPICON_NAME = AppIcon;
				DEVELOPMENT_TEAM = 8FC9PW965D;
				INFOPLIST_FILE = Hairiest/Info.plist;
				LD_RUNPATH_SEARCH_PATHS = "$(inherited) @executable_path/Frameworks";
				PRODUCT_BUNDLE_IDENTIFIER = com.tash.Hairiest;
				PRODUCT_NAME = "$(TARGET_NAME)";
				SWIFT_VERSION = 3.0;
			};
			name = Release;
		};
/* End XCBuildConfiguration section */

/* Begin XCConfigurationList section */
		9E478E6C1F1C01F500053F78 /* Build configuration list for PBXProject "Hairiest" */ = {
			isa = XCConfigurationList;
			buildConfigurations = (
				9E478E811F1C01F600053F78 /* Debug */,
				9E478E821F1C01F600053F78 /* Release */,
			);
			defaultConfigurationIsVisible = 0;
			defaultConfigurationName = Release;
		};
		9E478E831F1C01F600053F78 /* Build configuration list for PBXNativeTarget "Hairiest" */ = {
			isa = XCConfigurationList;
			buildConfigurations = (
				9E478E841F1C01F600053F78 /* Debug */,
				9E478E851F1C01F600053F78 /* Release */,
			);
			defaultConfigurationIsVisible = 0;
		};
/* End XCConfigurationList section */
	};
	rootObject = 9E478E691F1C01F500053F78 /* Project object */;
}
